
Microsoft Visual Studio Solution File, Format Version 12.00
# Visual Studio Version 17
VisualStudioVersion = 17.0.31912.275
MinimumVisualStudioVersion = 10.0.40219.1
Project("{9A19103F-16F7-4668-BE54-9A1E7A4F7556}") = "AudioAnalyzerBlazor", "AudioAnalyzerBlazor.csproj", "{9F750818-5D79-4493-8DA9-3C5DD390C7BE}"
EndProject
Global
	GlobalSection(SolutionConfigurationPlatforms) = preSolution
		Debug|Any CPU = Debug|Any CPU
		Release|Any CPU = Release|Any CPU
	EndGlobalSection
	GlobalSection(ProjectConfigurationPlatforms) = postSolution
		{9F750818-5D79-4493-8DA9-3C5DD390C7BE}.Debug|Any CPU.ActiveCfg = Debug|Any CPU
		{9F750818-5D79-4493-8DA9-3C5DD390C7BE}.Debug|Any CPU.Build.0 = Debug|Any CPU
		{9F750818-5D79-4493-8DA9-3C5DD390C7BE}.Release|Any CPU.ActiveCfg = Release|Any CPU
		{9F750818-5D79-4493-8DA9-3C5DD390C7BE}.Release|Any CPU.Build.0 = Release|Any CPU
	EndGlobalSection
	GlobalSection(SolutionProperties) = preSolution
		HideSolutionNode = FALSE
	EndGlobalSection
	GlobalSection(ExtensibilityGlobals) = postSolution
		SolutionGuid = {1E1FF844-71C7-4027-93A5-D68328ED2071}
	EndGlobalSection
EndGlobal
